// !$*UTF8*$!
{
	archiveVersion = 1;
	classes = {
	};
	objectVersion = 46;
	objects = {

/* Begin PBXBuildFile section */
		3A2C32201A9EBF3F006EA4A5 /* AppDelegate.swift in Sources */ = {isa = PBXBuildFile; fileRef = 3A2C321F1A9EBF3F006EA4A5 /* AppDelegate.swift */; };
		3A2C32221A9EBF3F006EA4A5 /* ViewController.swift in Sources */ = {isa = PBXBuildFile; fileRef = 3A2C32211A9EBF3F006EA4A5 /* ViewController.swift */; };
		3A2C32251A9EBF3F006EA4A5 /* Main.storyboard in Resources */ = {isa = PBXBuildFile; fileRef = 3A2C32231A9EBF3F006EA4A5 /* Main.storyboard */; };
		3A2C32271A9EBF3F006EA4A5 /* Images.xcassets in Resources */ = {isa = PBXBuildFile; fileRef = 3A2C32261A9EBF3F006EA4A5 /* Images.xcassets */; };
		3A2C322A1A9EBF3F006EA4A5 /* LaunchScreen.xib in Resources */ = {isa = PBXBuildFile; fileRef = 3A2C32281A9EBF3F006EA4A5 /* LaunchScreen.xib */; };
		3A2C32361A9EBF3F006EA4A5 /* UlmMisterAppTests.swift in Sources */ = {isa = PBXBuildFile; fileRef = 3A2C32351A9EBF3F006EA4A5 /* UlmMisterAppTests.swift */; };
		3A2C32401A9EBFA3006EA4A5 /* MapKit.framework in Frameworks */ = {isa = PBXBuildFile; fileRef = 3A2C323F1A9EBFA3006EA4A5 /* MapKit.framework */; };
/* End PBXBuildFile section */

/* Begin PBXContainerItemProxy section */
		3A2C32301A9EBF3F006EA4A5 /* PBXContainerItemProxy */ = {
			isa = PBXContainerItemProxy;
			containerPortal = 3A2C32121A9EBF3F006EA4A5 /* Project object */;
			proxyType = 1;
			remoteGlobalIDString = 3A2C32191A9EBF3F006EA4A5;
			remoteInfo = UlmMisterApp;
		};
/* End PBXContainerItemProxy section */

/* Begin PBXFileReference section */
		3A2C321A1A9EBF3F006EA4A5 /* UlmMisterApp.app */ = {isa = PBXFileReference; explicitFileType = wrapper.application; includeInIndex = 0; path = UlmMisterApp.app; sourceTree = BUILT_PRODUCTS_DIR; };
		3A2C321E1A9EBF3F006EA4A5 /* Info.plist */ = {isa = PBXFileReference; lastKnownFileType = text.plist.xml; path = Info.plist; sourceTree = "<group>"; };
		3A2C321F1A9EBF3F006EA4A5 /* AppDelegate.swift */ = {isa = PBXFileReference; lastKnownFileType = sourcecode.swift; path = AppDelegate.swift; sourceTree = "<group>"; };
		3A2C32211A9EBF3F006EA4A5 /* ViewController.swift */ = {isa = PBXFileReference; lastKnownFileType = sourcecode.swift; path = ViewController.swift; sourceTree = "<group>"; };
		3A2C32241A9EBF3F006EA4A5 /* Base */ = {isa = PBXFileReference; lastKnownFileType = file.storyboard; name = Base; path = Base.lproj/Main.storyboard; sourceTree = "<group>"; };
		3A2C32261A9EBF3F006EA4A5 /* Images.xcassets */ = {isa = PBXFileReference; lastKnownFileType = folder.assetcatalog; path = Images.xcassets; sourceTree = "<group>"; };
		3A2C32291A9EBF3F006EA4A5 /* Base */ = {isa = PBXFileReference; lastKnownFileType = file.xib; name = Base; path = Base.lproj/LaunchScreen.xib; sourceTree = "<group>"; };
		3A2C322F1A9EBF3F006EA4A5 /* UlmMisterAppTests.xctest */ = {isa = PBXFileReference; explicitFileType = wrapper.cfbundle; includeInIndex = 0; path = UlmMisterAppTests.xctest; sourceTree = BUILT_PRODUCTS_DIR; };
		3A2C32341A9EBF3F006EA4A5 /* Info.plist */ = {isa = PBXFileReference; lastKnownFileType = text.plist.xml; path = Info.plist; sourceTree = "<group>"; };
		3A2C32351A9EBF3F006EA4A5 /* UlmMisterAppTests.swift */ = {isa = PBXFileReference; lastKnownFileType = sourcecode.swift; path = UlmMisterAppTests.swift; sourceTree = "<group>"; };
		3A2C323F1A9EBFA3006EA4A5 /* MapKit.framework */ = {isa = PBXFileReference; lastKnownFileType = wrapper.framework; name = MapKit.framework; path = System/Library/Frameworks/MapKit.framework; sourceTree = SDKROOT; };
/* End PBXFileReference section */

/* Begin PBXFrameworksBuildPhase section */
		3A2C32171A9EBF3F006EA4A5 /* Frameworks */ = {
			isa = PBXFrameworksBuildPhase;
			buildActionMask = 2147483647;
			files = (
				3A2C32401A9EBFA3006EA4A5 /* MapKit.framework in Frameworks */,
			);
			runOnlyForDeploymentPostprocessing = 0;
		};
		3A2C322C1A9EBF3F006EA4A5 /* Frameworks */ = {
			isa = PBXFrameworksBuildPhase;
			buildActionMask = 2147483647;
			files = (
			);
			runOnlyForDeploymentPostprocessing = 0;
		};
/* End PBXFrameworksBuildPhase section */

/* Begin PBXGroup section */
		3A2C32111A9EBF3F006EA4A5 = {
			isa = PBXGroup;
			children = (
				3A2C323F1A9EBFA3006EA4A5 /* MapKit.framework */,
				3A2C321C1A9EBF3F006EA4A5 /* UlmMisterApp */,
				3A2C32321A9EBF3F006EA4A5 /* UlmMisterAppTests */,
				3A2C321B1A9EBF3F006EA4A5 /* Products */,
			);
			sourceTree = "<group>";
		};
		3A2C321B1A9EBF3F006EA4A5 /* Products */ = {
			isa = PBXGroup;
			children = (
				3A2C321A1A9EBF3F006EA4A5 /* UlmMisterApp.app */,
				3A2C322F1A9EBF3F006EA4A5 /* UlmMisterAppTests.xctest */,
			);
			name = Products;
			sourceTree = "<group>";
		};
		3A2C321C1A9EBF3F006EA4A5 /* UlmMisterApp */ = {
			isa = PBXGroup;
			children = (
				3A2C321F1A9EBF3F006EA4A5 /* AppDelegate.swift */,
				3A2C32211A9EBF3F006EA4A5 /* ViewController.swift */,
				3A2C32231A9EBF3F006EA4A5 /* Main.storyboard */,
				3A2C32261A9EBF3F006EA4A5 /* Images.xcassets */,
				3A2C32281A9EBF3F006EA4A5 /* LaunchScreen.xib */,
				3A2C321D1A9EBF3F006EA4A5 /* Supporting Files */,
			);
			path = UlmMisterApp;
			sourceTree = "<group>";
		};
		3A2C321D1A9EBF3F006EA4A5 /* Supporting Files */ = {
			isa = PBXGroup;
			children = (
				3A2C321E1A9EBF3F006EA4A5 /* Info.plist */,
			);
			name = "Supporting Files";
			sourceTree = "<group>";
		};
		3A2C32321A9EBF3F006EA4A5 /* UlmMisterAppTests */ = {
			isa = PBXGroup;
			children = (
				3A2C32351A9EBF3F006EA4A5 /* UlmMisterAppTests.swift */,
				3A2C32331A9EBF3F006EA4A5 /* Supporting Files */,
			);
			path = UlmMisterAppTests;
			sourceTree = "<group>";
		};
		3A2C32331A9EBF3F006EA4A5 /* Supporting Files */ = {
			isa = PBXGroup;
			children = (
				3A2C32341A9EBF3F006EA4A5 /* Info.plist */,
			);
			name = "Supporting Files";
			sourceTree = "<group>";
		};
/* End PBXGroup section */

/* Begin PBXNativeTarget section */
		3A2C32191A9EBF3F006EA4A5 /* UlmMisterApp */ = {
			isa = PBXNativeTarget;
			buildConfigurationList = 3A2C32391A9EBF3F006EA4A5 /* Build configuration list for PBXNativeTarget "UlmMisterApp" */;
			buildPhases = (
				3A2C32161A9EBF3F006EA4A5 /* Sources */,
				3A2C32171A9EBF3F006EA4A5 /* Frameworks */,
				3A2C32181A9EBF3F006EA4A5 /* Resources */,
			);
			buildRules = (
			);
			dependencies = (
			);
			name = UlmMisterApp;
			productName = UlmMisterApp;
			productReference = 3A2C321A1A9EBF3F006EA4A5 /* UlmMisterApp.app */;
			productType = "com.apple.product-type.application";
		};
		3A2C322E1A9EBF3F006EA4A5 /* UlmMisterAppTests */ = {
			isa = PBXNativeTarget;
			buildConfigurationList = 3A2C323C1A9EBF3F006EA4A5 /* Build configuration list for PBXNativeTarget "UlmMisterAppTests" */;
			buildPhases = (
				3A2C322B1A9EBF3F006EA4A5 /* Sources */,
				3A2C322C1A9EBF3F006EA4A5 /* Frameworks */,
				3A2C322D1A9EBF3F006EA4A5 /* Resources */,
			);
			buildRules = (
			);
			dependencies = (
				3A2C32311A9EBF3F006EA4A5 /* PBXTargetDependency */,
			);
			name = UlmMisterAppTests;
			productName = UlmMisterAppTests;
			productReference = 3A2C322F1A9EBF3F006EA4A5 /* UlmMisterAppTests.xctest */;
			productType = "com.apple.product-type.bundle.unit-test";
		};
/* End PBXNativeTarget section */

/* Begin PBXProject section */
		3A2C32121A9EBF3F006EA4A5 /* Project object */ = {
			isa = PBXProject;
			attributes = {
				LastUpgradeCheck = 0610;
				ORGANIZATIONNAME = "Jonatan Santa Cruz Soria";
				TargetAttributes = {
					3A2C32191A9EBF3F006EA4A5 = {
						CreatedOnToolsVersion = 6.1.1;
					};
					3A2C322E1A9EBF3F006EA4A5 = {
						CreatedOnToolsVersion = 6.1.1;
						TestTargetID = 3A2C32191A9EBF3F006EA4A5;
					};
				};
			};
			buildConfigurationList = 3A2C32151A9EBF3F006EA4A5 /* Build configuration list for PBXProject "UlmMisterApp" */;
			compatibilityVersion = "Xcode 3.2";
			developmentRegion = English;
			hasScannedForEncodings = 0;
			knownRegions = (
				en,
				Base,
			);
			mainGroup = 3A2C32111A9EBF3F006EA4A5;
			productRefGroup = 3A2C321B1A9EBF3F006EA4A5 /* Products */;
			projectDirPath = "";
			projectRoot = "";
			targets = (
				3A2C32191A9EBF3F006EA4A5 /* UlmMisterApp */,
				3A2C322E1A9EBF3F006EA4A5 /* UlmMisterAppTests */,
			);
		};
/* End PBXProject section */

/* Begin PBXResourcesBuildPhase section */
		3A2C32181A9EBF3F006EA4A5 /* Resources */ = {
			isa = PBXResourcesBuildPhase;
			buildActionMask = 2147483647;
			files = (
				3A2C32251A9EBF3F006EA4A5 /* Main.storyboard in Resources */,
				3A2C322A1A9EBF3F006EA4A5 /* LaunchScreen.xib in Resources */,
				3A2C32271A9EBF3F006EA4A5 /* Images.xcassets in Resources */,
			);
			runOnlyForDeploymentPostprocessing = 0;
		};
		3A2C322D1A9EBF3F006EA4A5 /* Resources */ = {
			isa = PBXResourcesBuildPhase;
			buildActionMask = 2147483647;
			files = (
			);
			runOnlyForDeploymentPostprocessing = 0;
		};
/* End PBXResourcesBuildPhase section */

/* Begin PBXSourcesBuildPhase section */
		3A2C32161A9EBF3F006EA4A5 /* Sources */ = {
			isa = PBXSourcesBuildPhase;
			buildActionMask = 2147483647;
			files = (
				3A2C32221A9EBF3F006EA4A5 /* ViewController.swift in Sources */,
				3A2C32201A9EBF3F006EA4A5 /* AppDelegate.swift in Sources */,
			);
			runOnlyForDeploymentPostprocessing = 0;
		};
		3A2C322B1A9EBF3F006EA4A5 /* Sources */ = {
			isa = PBXSourcesBuildPhase;
			buildActionMask = 2147483647;
			files = (
				3A2C32361A9EBF3F006EA4A5 /* UlmMisterAppTests.swift in Sources */,
			);
			runOnlyForDeploymentPostprocessing = 0;
		};
/* End PBXSourcesBuildPhase section */

/* Begin PBXTargetDependency section */
		3A2C32311A9EBF3F006EA4A5 /* PBXTargetDependency */ = {
			isa = PBXTargetDependency;
			target = 3A2C32191A9EBF3F006EA4A5 /* UlmMisterApp */;
			targetProxy = 3A2C32301A9EBF3F006EA4A5 /* PBXContainerItemProxy */;
		};
/* End PBXTargetDependency section */

/* Begin PBXVariantGroup section */
		3A2C32231A9EBF3F006EA4A5 /* Main.storyboard */ = {
			isa = PBXVariantGroup;
			children = (
				3A2C32241A9EBF3F006EA4A5 /* Base */,
			);
			name = Main.storyboard;
			sourceTree = "<group>";
		};
		3A2C32281A9EBF3F006EA4A5 /* LaunchScreen.xib */ = {
			isa = PBXVariantGroup;
			children = (
				3A2C32291A9EBF3F006EA4A5 /* Base */,
			);
			name = LaunchScreen.xib;
			sourceTree = "<group>";
		};
/* End PBXVariantGroup section */

/* Begin XCBuildConfiguration section */
		3A2C32371A9EBF3F006EA4A5 /* Debug */ = {
			isa = XCBuildConfiguration;
			buildSettings = {
				ALWAYS_SEARCH_USER_PATHS = NO;
				CLANG_CXX_LANGUAGE_STANDARD = "gnu++0x";
				CLANG_CXX_LIBRARY = "libc++";
				CLANG_ENABLE_MODULES = YES;
				CLANG_ENABLE_OBJC_ARC = YES;
				CLANG_WARN_BOOL_CONVERSION = YES;
				CLANG_WARN_CONSTANT_CONVERSION = YES;
				CLANG_WARN_DIRECT_OBJC_ISA_USAGE = YES_ERROR;
				CLANG_WARN_EMPTY_BODY = YES;
				CLANG_WARN_ENUM_CONVERSION = YES;
				CLANG_WARN_INT_CONVERSION = YES;
				CLANG_WARN_OBJC_ROOT_CLASS = YES_ERROR;
				CLANG_WARN_UNREACHABLE_CODE = YES;
				CLANG_WARN__DUPLICATE_METHOD_MATCH = YES;
				"CODE_SIGN_IDENTITY[sdk=iphoneos*]" = "iPhone Developer";
				COPY_PHASE_STRIP = NO;
				ENABLE_STRICT_OBJC_MSGSEND = YES;
				GCC_C_LANGUAGE_STANDARD = gnu99;
				GCC_DYNAMIC_NO_PIC = NO;
				GCC_OPTIMIZATION_LEVEL = 0;
				GCC_PREPROCESSOR_DEFINITIONS = (
					"DEBUG=1",
					"$(inherited)",
				);
				GCC_SYMBOLS_PRIVATE_EXTERN = NO;
				GCC_WARN_64_TO_32_BIT_CONVERSION = YES;
				GCC_WARN_ABOUT_RETURN_TYPE = YES_ERROR;
				GCC_WARN_UNDECLARED_SELECTOR = YES;
				GCC_WARN_UNINITIALIZED_AUTOS = YES_AGGRESSIVE;
				GCC_WARN_UNUSED_FUNCTION = YES;
				GCC_WARN_UNUSED_VARIABLE = YES;
				IPHONEOS_DEPLOYMENT_TARGET = 8.1;
				MTL_ENABLE_DEBUG_INFO = YES;
				ONLY_ACTIVE_ARCH = YES;
				SDKROOT = iphoneos;
				SWIFT_OPTIMIZATION_LEVEL = "-Onone";
				TARGETED_DEVICE_FAMILY = "1,2";
			};
			name = Debug;
		};
		3A2C32381A9EBF3F006EA4A5 /* Release */ = {
			isa = XCBuildConfiguration;
			buildSettings = {
				ALWAYS_SEARCH_USER_PATHS = NO;
				CLANG_CXX_LANGUAGE_STANDARD = "gnu++0x";
				CLANG_CXX_LIBRARY = "libc++";
				CLANG_ENABLE_MODULES = YES;
				CLANG_ENABLE_OBJC_ARC = YES;
				CLANG_WARN_BOOL_CONVERSION = YES;
				CLANG_WARN_CONSTANT_CONVERSION = YES;
				CLANG_WARN_DIRECT_OBJC_ISA_USAGE = YES_ERROR;
				CLANG_WARN_EMPTY_BODY = YES;
				CLANG_WARN_ENUM_CONVERSION = YES;
				CLANG_WARN_INT_CONVERSION = YES;
				CLANG_WARN_OBJC_ROOT_CLASS = YES_ERROR;
				CLANG_WARN_UNREACHABLE_CODE = YES;
				CLANG_WARN__DUPLICATE_METHOD_MATCH = YES;
				"CODE_SIGN_IDENTITY[sdk=iphoneos*]" = "iPhone Developer";
				COPY_PHASE_STRIP = YES;
				ENABLE_NS_ASSERTIONS = NO;
				ENABLE_STRICT_OBJC_MSGSEND = YES;
				GCC_C_LANGUAGE_STANDARD = gnu99;
				GCC_WARN_64_TO_32_BIT_CONVERSION = YES;
				GCC_WARN_ABOUT_RETURN_TYPE = YES_ERROR;
				GCC_WARN_UNDECLARED_SELECTOR = YES;
				GCC_WARN_UNINITIALIZED_AUTOS = YES_AGGRESSIVE;
				GCC_WARN_UNUSED_FUNCTION = YES;
				GCC_WARN_UNUSED_VARIABLE = YES;
				IPHONEOS_DEPLOYMENT_TARGET = 8.1;
				MTL_ENABLE_DEBUG_INFO = NO;
				SDKROOT = iphoneos;
				TARGETED_DEVICE_FAMILY = "1,2";
				VALIDATE_PRODUCT = YES;
			};
			name = Release;
		};
		3A2C323A1A9EBF3F006EA4A5 /* Debug */ = {
			isa = XCBuildConfiguration;
			buildSettings = {
				ASSETCATALOG_COMPILER_APPICON_NAME = AppIcon;
				INFOPLIST_FILE = UlmMisterApp/Info.plist;
				LD_RUNPATH_SEARCH_PATHS = "$(inherited) @executable_path/Frameworks";
				PRODUCT_NAME = "$(TARGET_NAME)";
			};
			name = Debug;
		};
		3A2C323B1A9EBF3F006EA4A5 /* Release */ = {
			isa = XCBuildConfiguration;
			buildSettings = {
				ASSETCATALOG_COMPILER_APPICON_NAME = AppIcon;
				INFOPLIST_FILE = UlmMisterApp/Info.plist;
				LD_RUNPATH_SEARCH_PATHS = "$(inherited) @executable_path/Frameworks";
				PRODUCT_NAME = "$(TARGET_NAME)";
			};
			name = Release;
		};
		3A2C323D1A9EBF3F006EA4A5 /* Debug */ = {
			isa = XCBuildConfiguration;
			buildSettings = {
				BUNDLE_LOADER = "$(TEST_HOST)";
				FRAMEWORK_SEARCH_PATHS = (
					"$(SDKROOT)/Developer/Library/Frameworks",
					"$(inherited)",
				);
				GCC_PREPROCESSOR_DEFINITIONS = (
					"DEBUG=1",
					"$(inherited)",
				);
				INFOPLIST_FILE = UlmMisterAppTests/Info.plist;
				LD_RUNPATH_SEARCH_PATHS = "$(inherited) @executable_path/Frameworks @loader_path/Frameworks";
				PRODUCT_NAME = "$(TARGET_NAME)";
				TEST_HOST = "$(BUILT_PRODUCTS_DIR)/UlmMisterApp.app/UlmMisterApp";
			};
			name = Debug;
		};
		3A2C323E1A9EBF3F006EA4A5 /* Release */ = {
			isa = XCBuildConfiguration;
			buildSettings = {
				BUNDLE_LOADER = "$(TEST_HOST)";
				FRAMEWORK_SEARCH_PATHS = (
					"$(SDKROOT)/Developer/Library/Frameworks",
					"$(inherited)",
				);
				INFOPLIST_FILE = UlmMisterAppTests/Info.plist;
				LD_RUNPATH_SEARCH_PATHS = "$(inherited) @executable_path/Frameworks @loader_path/Frameworks";
				PRODUCT_NAME = "$(TARGET_NAME)";
				TEST_HOST = "$(BUILT_PRODUCTS_DIR)/UlmMisterApp.app/UlmMisterApp";
			};
			name = Release;
		};
/* End XCBuildConfiguration section */

/* Begin XCConfigurationList section */
		3A2C32151A9EBF3F006EA4A5 /* Build configuration list for PBXProject "UlmMisterApp" */ = {
			isa = XCConfigurationList;
			buildConfigurations = (
				3A2C32371A9EBF3F006EA4A5 /* Debug */,
				3A2C32381A9EBF3F006EA4A5 /* Release */,
			);
			defaultConfigurationIsVisible = 0;
			defaultConfigurationName = Release;
		};
		3A2C32391A9EBF3F006EA4A5 /* Build configuration list for PBXNativeTarget "UlmMisterApp" */ = {
			isa = XCConfigurationList;
			buildConfigurations = (
				3A2C323A1A9EBF3F006EA4A5 /* Debug */,
				3A2C323B1A9EBF3F006EA4A5 /* Release */,
			);
			defaultConfigurationIsVisible = 0;
		};
		3A2C323C1A9EBF3F006EA4A5 /* Build configuration list for PBXNativeTarget "UlmMisterAppTests" */ = {
			isa = XCConfigurationList;
			buildConfigurations = (
				3A2C323D1A9EBF3F006EA4A5 /* Debug */,
				3A2C323E1A9EBF3F006EA4A5 /* Release */,
			);
			defaultConfigurationIsVisible = 0;
		};
/* End XCConfigurationList section */
	};
	rootObject = 3A2C32121A9EBF3F006EA4A5 /* Project object */;
}
